// !$*UTF8*$!
{
	archiveVersion = 1;
	classes = {
	};
	objectVersion = 48;
	objects = {

/* Begin PBXBuildFile section */
		FC9401071FA97D2500F7A4BC /* AppDelegate.m in Sources */ = {isa = PBXBuildFile; fileRef = FC9401061FA97D2500F7A4BC /* AppDelegate.m */; };
		FC94010A1FA97D2500F7A4BC /* ViewController.m in Sources */ = {isa = PBXBuildFile; fileRef = FC9401091FA97D2500F7A4BC /* ViewController.m */; };
		FC94010D1FA97D2500F7A4BC /* Main.storyboard in Resources */ = {isa = PBXBuildFile; fileRef = FC94010B1FA97D2500F7A4BC /* Main.storyboard */; };
		FC94010F1FA97D2500F7A4BC /* Assets.xcassets in Resources */ = {isa = PBXBuildFile; fileRef = FC94010E1FA97D2500F7A4BC /* Assets.xcassets */; };
		FC9401121FA97D2500F7A4BC /* LaunchScreen.storyboard in Resources */ = {isa = PBXBuildFile; fileRef = FC9401101FA97D2500F7A4BC /* LaunchScreen.storyboard */; };
		FC9401151FA97D2500F7A4BC /* main.m in Sources */ = {isa = PBXBuildFile; fileRef = FC9401141FA97D2500F7A4BC /* main.m */; };
/* End PBXBuildFile section */

/* Begin PBXFileReference section */
		FC9401021FA97D2500F7A4BC /* TestFouth.app */ = {isa = PBXFileReference; explicitFileType = wrapper.application; includeInIndex = 0; path = TestFouth.app; sourceTree = BUILT_PRODUCTS_DIR; };
		FC9401051FA97D2500F7A4BC /* AppDelegate.h */ = {isa = PBXFileReference; lastKnownFileType = sourcecode.c.h; path = AppDelegate.h; sourceTree = "<group>"; };
		FC9401061FA97D2500F7A4BC /* AppDelegate.m */ = {isa = PBXFileReference; lastKnownFileType = sourcecode.c.objc; path = AppDelegate.m; sourceTree = "<group>"; };
		FC9401081FA97D2500F7A4BC /* ViewController.h */ = {isa = PBXFileReference; lastKnownFileType = sourcecode.c.h; path = ViewController.h; sourceTree = "<group>"; };
		FC9401091FA97D2500F7A4BC /* ViewController.m */ = {isa = PBXFileReference; lastKnownFileType = sourcecode.c.objc; path = ViewController.m; sourceTree = "<group>"; };
		FC94010C1FA97D2500F7A4BC /* Base */ = {isa = PBXFileReference; lastKnownFileType = file.storyboard; name = Base; path = Base.lproj/Main.storyboard; sourceTree = "<group>"; };
		FC94010E1FA97D2500F7A4BC /* Assets.xcassets */ = {isa = PBXFileReference; lastKnownFileType = folder.assetcatalog; path = Assets.xcassets; sourceTree = "<group>"; };
		FC9401111FA97D2500F7A4BC /* Base */ = {isa = PBXFileReference; lastKnownFileType = file.storyboard; name = Base; path = Base.lproj/LaunchScreen.storyboard; sourceTree = "<group>"; };
		FC9401131FA97D2500F7A4BC /* Info.plist */ = {isa = PBXFileReference; lastKnownFileType = text.plist.xml; path = Info.plist; sourceTree = "<group>"; };
		FC9401141FA97D2500F7A4BC /* main.m */ = {isa = PBXFileReference; lastKnownFileType = sourcecode.c.objc; path = main.m; sourceTree = "<group>"; };
/* End PBXFileReference section */

/* Begin PBXFrameworksBuildPhase section */
		FC9400FF1FA97D2500F7A4BC /* Frameworks */ = {
			isa = PBXFrameworksBuildPhase;
			buildActionMask = 2147483647;
			files = (
			);
			runOnlyForDeploymentPostprocessing = 0;
		};
/* End PBXFrameworksBuildPhase section */

/* Begin PBXGroup section */
		FC9400F91FA97D2500F7A4BC = {
			isa = PBXGroup;
			children = (
				FC9401041FA97D2500F7A4BC /* TestFouth */,
				FC9401031FA97D2500F7A4BC /* Products */,
			);
			sourceTree = "<group>";
		};
		FC9401031FA97D2500F7A4BC /* Products */ = {
			isa = PBXGroup;
			children = (
				FC9401021FA97D2500F7A4BC /* TestFouth.app */,
			);
			name = Products;
			sourceTree = "<group>";
		};
		FC9401041FA97D2500F7A4BC /* TestFouth */ = {
			isa = PBXGroup;
			children = (
				FC9401051FA97D2500F7A4BC /* AppDelegate.h */,
				FC9401061FA97D2500F7A4BC /* AppDelegate.m */,
				FC9401081FA97D2500F7A4BC /* ViewController.h */,
				FC9401091FA97D2500F7A4BC /* ViewController.m */,
				FC94010B1FA97D2500F7A4BC /* Main.storyboard */,
				FC94010E1FA97D2500F7A4BC /* Assets.xcassets */,
				FC9401101FA97D2500F7A4BC /* LaunchScreen.storyboard */,
				FC9401131FA97D2500F7A4BC /* Info.plist */,
				FC9401141FA97D2500F7A4BC /* main.m */,
			);
			path = TestFouth;
			sourceTree = "<group>";
		};
/* End PBXGroup section */

/* Begin PBXNativeTarget section */
		FC9401011FA97D2500F7A4BC /* TestFouth */ = {
			isa = PBXNativeTarget;
			buildConfigurationList = FC9401181FA97D2500F7A4BC /* Build configuration list for PBXNativeTarget "TestFouth" */;
			buildPhases = (
				FC9400FE1FA97D2500F7A4BC /* Sources */,
				FC9400FF1FA97D2500F7A4BC /* Frameworks */,
				FC9401001FA97D2500F7A4BC /* Resources */,
			);
			buildRules = (
			);
			dependencies = (
			);
			name = TestFouth;
			productName = TestFouth;
			productReference = FC9401021FA97D2500F7A4BC /* TestFouth.app */;
			productType = "com.apple.product-type.application";
		};
/* End PBXNativeTarget section */

/* Begin PBXProject section */
		FC9400FA1FA97D2500F7A4BC /* Project object */ = {
			isa = PBXProject;
			attributes = {
				LastUpgradeCheck = 0900;
				ORGANIZATIONNAME = "朱冬冬";
				TargetAttributes = {
					FC9401011FA97D2500F7A4BC = {
						CreatedOnToolsVersion = 9.0.1;
						ProvisioningStyle = Automatic;
					};
				};
			};
			buildConfigurationList = FC9400FD1FA97D2500F7A4BC /* Build configuration list for PBXProject "TestFouth" */;
			compatibilityVersion = "Xcode 8.0";
			developmentRegion = en;
			hasScannedForEncodings = 0;
			knownRegions = (
				en,
				Base,
			);
			mainGroup = FC9400F91FA97D2500F7A4BC;
			productRefGroup = FC9401031FA97D2500F7A4BC /* Products */;
			projectDirPath = "";
			projectRoot = "";
			targets = (
				FC9401011FA97D2500F7A4BC /* TestFouth */,
			);
		};
/* End PBXProject section */

/* Begin PBXResourcesBuildPhase section */
		FC9401001FA97D2500F7A4BC /* Resources */ = {
			isa = PBXResourcesBuildPhase;
			buildActionMask = 2147483647;
			files = (
				FC9401121FA97D2500F7A4BC /* LaunchScreen.storyboard in Resources */,
				FC94010F1FA97D2500F7A4BC /* Assets.xcassets in Resources */,
				FC94010D1FA97D2500F7A4BC /* Main.storyboard in Resources */,
			);
			runOnlyForDeploymentPostprocessing = 0;
		};
/* End PBXResourcesBuildPhase section */

/* Begin PBXSourcesBuildPhase section */
		FC9400FE1FA97D2500F7A4BC /* Sources */ = {
			isa = PBXSourcesBuildPhase;
			buildActionMask = 2147483647;
			files = (
				FC94010A1FA97D2500F7A4BC /* ViewController.m in Sources */,
				FC9401151FA97D2500F7A4BC /* main.m in Sources */,
				FC9401071FA97D2500F7A4BC /* AppDelegate.m in Sources */,
			);
			runOnlyForDeploymentPostprocessing = 0;
		};
/* End PBXSourcesBuildPhase section */

/* Begin PBXVariantGroup section */
		FC94010B1FA97D2500F7A4BC /* Main.storyboard */ = {
			isa = PBXVariantGroup;
			children = (
				FC94010C1FA97D2500F7A4BC /* Base */,
			);
			name = Main.storyboard;
			sourceTree = "<group>";
		};
		FC9401101FA97D2500F7A4BC /* LaunchScreen.storyboard */ = {
			isa = PBXVariantGroup;
			children = (
				FC9401111FA97D2500F7A4BC /* Base */,
			);
			name = LaunchScreen.storyboard;
			sourceTree = "<group>";
		};
/* End PBXVariantGroup section */

/* Begin XCBuildConfiguration section */
		FC9401161FA97D2500F7A4BC /* Debug */ = {
			isa = XCBuildConfiguration;
			buildSettings = {
				ALWAYS_SEARCH_USER_PATHS = NO;
				CLANG_ANALYZER_NONNULL = YES;
				CLANG_ANALYZER_NUMBER_OBJECT_CONVERSION = YES_AGGRESSIVE;
				CLANG_CXX_LANGUAGE_STANDARD = "gnu++14";
				CLANG_CXX_LIBRARY = "libc++";
				CLANG_ENABLE_MODULES = YES;
				CLANG_ENABLE_OBJC_ARC = YES;
				CLANG_WARN_BLOCK_CAPTURE_AUTORELEASING = YES;
				CLANG_WARN_BOOL_CONVERSION = YES;
				CLANG_WARN_COMMA = YES;
				CLANG_WARN_CONSTANT_CONVERSION = YES;
				CLANG_WARN_DIRECT_OBJC_ISA_USAGE = YES_ERROR;
				CLANG_WARN_DOCUMENTATION_COMMENTS = YES;
				CLANG_WARN_EMPTY_BODY = YES;
				CLANG_WARN_ENUM_CONVERSION = YES;
				CLANG_WARN_INFINITE_RECURSION = YES;
				CLANG_WARN_INT_CONVERSION = YES;
				CLANG_WARN_NON_LITERAL_NULL_CONVERSION = YES;
				CLANG_WARN_OBJC_LITERAL_CONVERSION = YES;
				CLANG_WARN_OBJC_ROOT_CLASS = YES_ERROR;
				CLANG_WARN_RANGE_LOOP_ANALYSIS = YES;
				CLANG_WARN_STRICT_PROTOTYPES = YES;
				CLANG_WARN_SUSPICIOUS_MOVE = YES;
				CLANG_WARN_UNGUARDED_AVAILABILITY = YES_AGGRESSIVE;
				CLANG_WARN_UNREACHABLE_CODE = YES;
				CLANG_WARN__DUPLICATE_METHOD_MATCH = YES;
				CODE_SIGN_IDENTITY = "iPhone Developer";
				COPY_PHASE_STRIP = NO;
				DEBUG_INFORMATION_FORMAT = dwarf;
				ENABLE_STRICT_OBJC_MSGSEND = YES;
				ENABLE_TESTABILITY = YES;
				GCC_C_LANGUAGE_STANDARD = gnu11;
				GCC_DYNAMIC_NO_PIC = NO;
				GCC_NO_COMMON_BLOCKS = YES;
				GCC_OPTIMIZATION_LEVEL = 0;
				GCC_PREPROCESSOR_DEFINITIONS = (
					"DEBUG=1",
					"$(inherited)",
				);
				GCC_WARN_64_TO_32_BIT_CONVERSION = YES;
				GCC_WARN_ABOUT_RETURN_TYPE = YES_ERROR;
				GCC_WARN_UNDECLARED_SELECTOR = YES;
				GCC_WARN_UNINITIALIZED_AUTOS = YES_AGGRESSIVE;
				GCC_WARN_UNUSED_FUNCTION = YES;
				GCC_WARN_UNUSED_VARIABLE = YES;
				IPHONEOS_DEPLOYMENT_TARGET = 11.0;
				MTL_ENABLE_DEBUG_INFO = YES;
				ONLY_ACTIVE_ARCH = YES;
				SDKROOT = iphoneos;
			};
			name = Debug;
		};
		FC9401171FA97D2500F7A4BC /* Release */ = {
			isa = XCBuildConfiguration;
			buildSettings = {
				ALWAYS_SEARCH_USER_PATHS = NO;
				CLANG_ANALYZER_NONNULL = YES;
				CLANG_ANALYZER_NUMBER_OBJECT_CONVERSION = YES_AGGRESSIVE;
				CLANG_CXX_LANGUAGE_STANDARD = "gnu++14";
				CLANG_CXX_LIBRARY = "libc++";
				CLANG_ENABLE_MODULES = YES;
				CLANG_ENABLE_OBJC_ARC = YES;
				CLANG_WARN_BLOCK_CAPTURE_AUTORELEASING = YES;
				CLANG_WARN_BOOL_CONVERSION = YES;
				CLANG_WARN_COMMA = YES;
				CLANG_WARN_CONSTANT_CONVERSION = YES;
				CLANG_WARN_DIRECT_OBJC_ISA_USAGE = YES_ERROR;
				CLANG_WARN_DOCUMENTATION_COMMENTS = YES;
				CLANG_WARN_EMPTY_BODY = YES;
				CLANG_WARN_ENUM_CONVERSION = YES;
				CLANG_WARN_INFINITE_RECURSION = YES;
				CLANG_WARN_INT_CONVERSION = YES;
				CLANG_WARN_NON_LITERAL_NULL_CONVERSION = YES;
				CLANG_WARN_OBJC_LITERAL_CONVERSION = YES;
				CLANG_WARN_OBJC_ROOT_CLASS = YES_ERROR;
				CLANG_WARN_RANGE_LOOP_ANALYSIS = YES;
				CLANG_WARN_STRICT_PROTOTYPES = YES;
				CLANG_WARN_SUSPICIOUS_MOVE = YES;
				CLANG_WARN_UNGUARDED_AVAILABILITY = YES_AGGRESSIVE;
				CLANG_WARN_UNREACHABLE_CODE = YES;
				CLANG_WARN__DUPLICATE_METHOD_MATCH = YES;
				CODE_SIGN_IDENTITY = "iPhone Developer";
				COPY_PHASE_STRIP = NO;
				DEBUG_INFORMATION_FORMAT = "dwarf-with-dsym";
				ENABLE_NS_ASSERTIONS = NO;
				ENABLE_STRICT_OBJC_MSGSEND = YES;
				GCC_C_LANGUAGE_STANDARD = gnu11;
				GCC_NO_COMMON_BLOCKS = YES;
				GCC_WARN_64_TO_32_BIT_CONVERSION = YES;
				GCC_WARN_ABOUT_RETURN_TYPE = YES_ERROR;
				GCC_WARN_UNDECLARED_SELECTOR = YES;
				GCC_WARN_UNINITIALIZED_AUTOS = YES_AGGRESSIVE;
				GCC_WARN_UNUSED_FUNCTION = YES;
				GCC_WARN_UNUSED_VARIABLE = YES;
				IPHONEOS_DEPLOYMENT_TARGET = 11.0;
				MTL_ENABLE_DEBUG_INFO = NO;
				SDKROOT = iphoneos;
				VALIDATE_PRODUCT = YES;
			};
			name = Release;
		};
		FC9401191FA97D2500F7A4BC /* Debug */ = {
			isa = XCBuildConfiguration;
			buildSettings = {
				ASSETCATALOG_COMPILER_APPICON_NAME = AppIcon;
				CODE_SIGN_STYLE = Automatic;
				DEVELOPMENT_TEAM = W7UZU6QJY5;
				INFOPLIST_FILE = TestFouth/Info.plist;
				LD_RUNPATH_SEARCH_PATHS = "$(inherited) @executable_path/Frameworks";
				PRODUCT_BUNDLE_IDENTIFIER = com.zhudong.TestFouth;
				PRODUCT_NAME = "$(TARGET_NAME)";
				TARGETED_DEVICE_FAMILY = "1,2";
			};
			name = Debug;
		};
		FC94011A1FA97D2500F7A4BC /* Release */ = {
			isa = XCBuildConfiguration;
			buildSettings = {
				ASSETCATALOG_COMPILER_APPICON_NAME = AppIcon;
				CODE_SIGN_STYLE = Automatic;
				DEVELOPMENT_TEAM = W7UZU6QJY5;
				INFOPLIST_FILE = TestFouth/Info.plist;
				LD_RUNPATH_SEARCH_PATHS = "$(inherited) @executable_path/Frameworks";
				PRODUCT_BUNDLE_IDENTIFIER = com.zhudong.TestFouth;
				PRODUCT_NAME = "$(TARGET_NAME)";
				TARGETED_DEVICE_FAMILY = "1,2";
			};
			name = Release;
		};
/* End XCBuildConfiguration section */

/* Begin XCConfigurationList section */
		FC9400FD1FA97D2500F7A4BC /* Build configuration list for PBXProject "TestFouth" */ = {
			isa = XCConfigurationList;
			buildConfigurations = (
				FC9401161FA97D2500F7A4BC /* Debug */,
				FC9401171FA97D2500F7A4BC /* Release */,
			);
			defaultConfigurationIsVisible = 0;
			defaultConfigurationName = Release;
		};
		FC9401181FA97D2500F7A4BC /* Build configuration list for PBXNativeTarget "TestFouth" */ = {
			isa = XCConfigurationList;
			buildConfigurations = (
				FC9401191FA97D2500F7A4BC /* Debug */,
				FC94011A1FA97D2500F7A4BC /* Release */,
			);
			defaultConfigurationIsVisible = 0;
			defaultConfigurationName = Release;
		};
/* End XCConfigurationList section */
	};
	rootObject = FC9400FA1FA97D2500F7A4BC /* Project object */;
}
